
Microsoft Visual Studio Solution File, Format Version 12.00
# Visual Studio 14
VisualStudioVersion = 14.0.25420.1
MinimumVisualStudioVersion = 10.0.40219.1
Project("{FAE04EC0-301F-11D3-BF4B-00C04F79EFBC}") = "Samples.NativeUI.Android", "Samples.NativeUI.Android\Samples.NativeUI.Android.csproj", "{6C3D7053-0042-463C-8479-6A3664FEFD0C}"
EndProject
Project("{FAE04EC0-301F-11D3-BF4B-00C04F79EFBC}") = "Samples.NativeUI", "Samples.NativeUI\Samples.NativeUI.csproj", "{AB097353-0BFC-4916-8CD6-7A4539AE94A7}"
EndProject
Project("{FAE04EC0-301F-11D3-BF4B-00C04F79EFBC}") = "Samples.NativeUI.UWP", "Samples.NativeUI.UWP\Samples.NativeUI.UWP.csproj", "{A20C615B-CE7A-4881-8395-995CA0CB838B}"
EndProject
Project("{FAE04EC0-301F-11D3-BF4B-00C04F79EFBC}") = "Samples.NativeUI.iOS", "Samples.NativeUI.iOS\Samples.NativeUI.iOS.csproj", "{23733568-DFA4-4543-BB94-EADE4B01C8E9}"
EndProject
Global
	GlobalSection(SolutionConfigurationPlatforms) = preSolution
		Ad-Hoc|Any CPU = Ad-Hoc|Any CPU
		Ad-Hoc|ARM = Ad-Hoc|ARM
		Ad-Hoc|iPhone = Ad-Hoc|iPhone
		Ad-Hoc|iPhoneSimulator = Ad-Hoc|iPhoneSimulator
		Ad-Hoc|Mixed Platforms = Ad-Hoc|Mixed Platforms
		Ad-Hoc|x64 = Ad-Hoc|x64
		Ad-Hoc|x86 = Ad-Hoc|x86
		AppStore|Any CPU = AppStore|Any CPU
		AppStore|ARM = AppStore|ARM
		AppStore|iPhone = AppStore|iPhone
		AppStore|iPhoneSimulator = AppStore|iPhoneSimulator
		AppStore|Mixed Platforms = AppStore|Mixed Platforms
		AppStore|x64 = AppStore|x64
		AppStore|x86 = AppStore|x86
		Debug|Any CPU = Debug|Any CPU
		Debug|ARM = Debug|ARM
		Debug|iPhone = Debug|iPhone
		Debug|iPhoneSimulator = Debug|iPhoneSimulator
		Debug|Mixed Platforms = Debug|Mixed Platforms
		Debug|x64 = Debug|x64
		Debug|x86 = Debug|x86
		Release|Any CPU = Release|Any CPU
		Release|ARM = Release|ARM
		Release|iPhone = Release|iPhone
		Release|iPhoneSimulator = Release|iPhoneSimulator
		Release|Mixed Platforms = Release|Mixed Platforms
		Release|x64 = Release|x64
		Release|x86 = Release|x86
	EndGlobalSection
	GlobalSection(ProjectConfigurationPlatforms) = postSolution
		{6C3D7053-0042-463C-8479-6A3664FEFD0C}.Ad-Hoc|Any CPU.ActiveCfg = Release|Any CPU
		{6C3D7053-0042-463C-8479-6A3664FEFD0C}.Ad-Hoc|Any CPU.Build.0 = Release|Any CPU
		{6C3D7053-0042-463C-8479-6A3664FEFD0C}.Ad-Hoc|Any CPU.Deploy.0 = Release|Any CPU
		{6C3D7053-0042-463C-8479-6A3664FEFD0C}.Ad-Hoc|ARM.ActiveCfg = Release|Any CPU
		{6C3D7053-0042-463C-8479-6A3664FEFD0C}.Ad-Hoc|ARM.Build.0 = Release|Any CPU
		{6C3D7053-0042-463C-8479-6A3664FEFD0C}.Ad-Hoc|ARM.Deploy.0 = Release|Any CPU
		{6C3D7053-0042-463C-8479-6A3664FEFD0C}.Ad-Hoc|iPhone.ActiveCfg = Release|Any CPU
		{6C3D7053-0042-463C-8479-6A3664FEFD0C}.Ad-Hoc|iPhone.Build.0 = Release|Any CPU
		{6C3D7053-0042-463C-8479-6A3664FEFD0C}.Ad-Hoc|iPhone.Deploy.0 = Release|Any CPU
		{6C3D7053-0042-463C-8479-6A3664FEFD0C}.Ad-Hoc|iPhoneSimulator.ActiveCfg = Release|Any CPU
		{6C3D7053-0042-463C-8479-6A3664FEFD0C}.Ad-Hoc|iPhoneSimulator.Build.0 = Release|Any CPU
		{6C3D7053-0042-463C-8479-6A3664FEFD0C}.Ad-Hoc|iPhoneSimulator.Deploy.0 = Release|Any CPU
		{6C3D7053-0042-463C-8479-6A3664FEFD0C}.Ad-Hoc|Mixed Platforms.ActiveCfg = Release|Any CPU
		{6C3D7053-0042-463C-8479-6A3664FEFD0C}.Ad-Hoc|Mixed Platforms.Build.0 = Release|Any CPU
		{6C3D7053-0042-463C-8479-6A3664FEFD0C}.Ad-Hoc|Mixed Platforms.Deploy.0 = Release|Any CPU
		{6C3D7053-0042-463C-8479-6A3664FEFD0C}.Ad-Hoc|x64.ActiveCfg = Release|Any CPU
		{6C3D7053-0042-463C-8479-6A3664FEFD0C}.Ad-Hoc|x64.Build.0 = Release|Any CPU
		{6C3D7053-0042-463C-8479-6A3664FEFD0C}.Ad-Hoc|x64.Deploy.0 = Release|Any CPU
		{6C3D7053-0042-463C-8479-6A3664FEFD0C}.Ad-Hoc|x86.ActiveCfg = Release|Any CPU
		{6C3D7053-0042-463C-8479-6A3664FEFD0C}.Ad-Hoc|x86.Build.0 = Release|Any CPU
		{6C3D7053-0042-463C-8479-6A3664FEFD0C}.Ad-Hoc|x86.Deploy.0 = Release|Any CPU
		{6C3D7053-0042-463C-8479-6A3664FEFD0C}.AppStore|Any CPU.ActiveCfg = Release|Any CPU
		{6C3D7053-0042-463C-8479-6A3664FEFD0C}.AppStore|Any CPU.Build.0 = Release|Any CPU
		{6C3D7053-0042-463C-8479-6A3664FEFD0C}.AppStore|Any CPU.Deploy.0 = Release|Any CPU
		{6C3D7053-0042-463C-8479-6A3664FEFD0C}.AppStore|ARM.ActiveCfg = Release|Any CPU
		{6C3D7053-0042-463C-8479-6A3664FEFD0C}.AppStore|ARM.Build.0 = Release|Any CPU
		{6C3D7053-0042-463C-8479-6A3664FEFD0C}.AppStore|ARM.Deploy.0 = Release|Any CPU
		{6C3D7053-0042-463C-8479-6A3664FEFD0C}.AppStore|iPhone.ActiveCfg = Release|Any CPU
		{6C3D7053-0042-463C-8479-6A3664FEFD0C}.AppStore|iPhone.Build.0 = Release|Any CPU
		{6C3D7053-0042-463C-8479-6A3664FEFD0C}.AppStore|iPhone.Deploy.0 = Release|Any CPU
		{6C3D7053-0042-463C-8479-6A3664FEFD0C}.AppStore|iPhoneSimulator.ActiveCfg = Release|Any CPU
		{6C3D7053-0042-463C-8479-6A3664FEFD0C}.AppStore|iPhoneSimulator.Build.0 = Release|Any CPU
		{6C3D7053-0042-463C-8479-6A3664FEFD0C}.AppStore|iPhoneSimulator.Deploy.0 = Release|Any CPU
		{6C3D7053-0042-463C-8479-6A3664FEFD0C}.AppStore|Mixed Platforms.ActiveCfg = Release|Any CPU
		{6C3D7053-0042-463C-8479-6A3664FEFD0C}.AppStore|Mixed Platforms.Build.0 = Release|Any CPU
		{6C3D7053-0042-463C-8479-6A3664FEFD0C}.AppStore|Mixed Platforms.Deploy.0 = Release|Any CPU
		{6C3D7053-0042-463C-8479-6A3664FEFD0C}.AppStore|x64.ActiveCfg = Release|Any CPU
		{6C3D7053-0042-463C-8479-6A3664FEFD0C}.AppStore|x64.Build.0 = Release|Any CPU
		{6C3D7053-0042-463C-8479-6A3664FEFD0C}.AppStore|x64.Deploy.0 = Release|Any CPU
		{6C3D7053-0042-463C-8479-6A3664FEFD0C}.AppStore|x86.ActiveCfg = Release|Any CPU
		{6C3D7053-0042-463C-8479-6A3664FEFD0C}.AppStore|x86.Build.0 = Release|Any CPU
		{6C3D7053-0042-463C-8479-6A3664FEFD0C}.AppStore|x86.Deploy.0 = Release|Any CPU
		{6C3D7053-0042-463C-8479-6A3664FEFD0C}.Debug|Any CPU.ActiveCfg = Debug|Any CPU
		{6C3D7053-0042-463C-8479-6A3664FEFD0C}.Debug|Any CPU.Build.0 = Debug|Any CPU
		{6C3D7053-0042-463C-8479-6A3664FEFD0C}.Debug|Any CPU.Deploy.0 = Debug|Any CPU
		{6C3D7053-0042-463C-8479-6A3664FEFD0C}.Debug|ARM.ActiveCfg = Debug|Any CPU
		{6C3D7053-0042-463C-8479-6A3664FEFD0C}.Debug|ARM.Build.0 = Debug|Any CPU
		{6C3D7053-0042-463C-8479-6A3664FEFD0C}.Debug|ARM.Deploy.0 = Debug|Any CPU
		{6C3D7053-0042-463C-8479-6A3664FEFD0C}.Debug|iPhone.ActiveCfg = Debug|Any CPU
		{6C3D7053-0042-463C-8479-6A3664FEFD0C}.Debug|iPhone.Build.0 = Debug|Any CPU
		{6C3D7053-0042-463C-8479-6A3664FEFD0C}.Debug|iPhone.Deploy.0 = Debug|Any CPU
		{6C3D7053-0042-463C-8479-6A3664FEFD0C}.Debug|iPhoneSimulator.ActiveCfg = Debug|Any CPU
		{6C3D7053-0042-463C-8479-6A3664FEFD0C}.Debug|iPhoneSimulator.Build.0 = Debug|Any CPU
		{6C3D7053-0042-463C-8479-6A3664FEFD0C}.Debug|iPhoneSimulator.Deploy.0 = Debug|Any CPU
		{6C3D7053-0042-463C-8479-6A3664FEFD0C}.Debug|Mixed Platforms.ActiveCfg = Debug|Any CPU
		{6C3D7053-0042-463C-8479-6A3664FEFD0C}.Debug|Mixed Platforms.Build.0 = Debug|Any CPU
		{6C3D7053-0042-463C-8479-6A3664FEFD0C}.Debug|Mixed Platforms.Deploy.0 = Debug|Any CPU
		{6C3D7053-0042-463C-8479-6A3664FEFD0C}.Debug|x64.ActiveCfg = Debug|Any CPU
		{6C3D7053-0042-463C-8479-6A3664FEFD0C}.Debug|x64.Build.0 = Debug|Any CPU
		{6C3D7053-0042-463C-8479-6A3664FEFD0C}.Debug|x64.Deploy.0 = Debug|Any CPU
		{6C3D7053-0042-463C-8479-6A3664FEFD0C}.Debug|x86.ActiveCfg = Debug|Any CPU
		{6C3D7053-0042-463C-8479-6A3664FEFD0C}.Debug|x86.Build.0 = Debug|Any CPU
		{6C3D7053-0042-463C-8479-6A3664FEFD0C}.Debug|x86.Deploy.0 = Debug|Any CPU
		{6C3D7053-0042-463C-8479-6A3664FEFD0C}.Release|Any CPU.ActiveCfg = Release|Any CPU
		{6C3D7053-0042-463C-8479-6A3664FEFD0C}.Release|Any CPU.Build.0 = Release|Any CPU
		{6C3D7053-0042-463C-8479-6A3664FEFD0C}.Release|Any CPU.Deploy.0 = Release|Any CPU
		{6C3D7053-0042-463C-8479-6A3664FEFD0C}.Release|ARM.ActiveCfg = Release|Any CPU
		{6C3D7053-0042-463C-8479-6A3664FEFD0C}.Release|ARM.Build.0 = Release|Any CPU
		{6C3D7053-0042-463C-8479-6A3664FEFD0C}.Release|ARM.Deploy.0 = Release|Any CPU
		{6C3D7053-0042-463C-8479-6A3664FEFD0C}.Release|iPhone.ActiveCfg = Release|Any CPU
		{6C3D7053-0042-463C-8479-6A3664FEFD0C}.Release|iPhone.Build.0 = Release|Any CPU
		{6C3D7053-0042-463C-8479-6A3664FEFD0C}.Release|iPhone.Deploy.0 = Release|Any CPU
		{6C3D7053-0042-463C-8479-6A3664FEFD0C}.Release|iPhoneSimulator.ActiveCfg = Release|Any CPU
		{6C3D7053-0042-463C-8479-6A3664FEFD0C}.Release|iPhoneSimulator.Build.0 = Release|Any CPU
		{6C3D7053-0042-463C-8479-6A3664FEFD0C}.Release|iPhoneSimulator.Deploy.0 = Release|Any CPU
		{6C3D7053-0042-463C-8479-6A3664FEFD0C}.Release|Mixed Platforms.ActiveCfg = Release|Any CPU
		{6C3D7053-0042-463C-8479-6A3664FEFD0C}.Release|Mixed Platforms.Build.0 = Release|Any CPU
		{6C3D7053-0042-463C-8479-6A3664FEFD0C}.Release|Mixed Platforms.Deploy.0 = Release|Any CPU
		{6C3D7053-0042-463C-8479-6A3664FEFD0C}.Release|x64.ActiveCfg = Release|Any CPU
		{6C3D7053-0042-463C-8479-6A3664FEFD0C}.Release|x64.Build.0 = Release|Any CPU
		{6C3D7053-0042-463C-8479-6A3664FEFD0C}.Release|x64.Deploy.0 = Release|Any CPU
		{6C3D7053-0042-463C-8479-6A3664FEFD0C}.Release|x86.ActiveCfg = Release|Any CPU
		{6C3D7053-0042-463C-8479-6A3664FEFD0C}.Release|x86.Build.0 = Release|Any CPU
		{6C3D7053-0042-463C-8479-6A3664FEFD0C}.Release|x86.Deploy.0 = Release|Any CPU
		{AB097353-0BFC-4916-8CD6-7A4539AE94A7}.Ad-Hoc|Any CPU.ActiveCfg = Release|Any CPU
		{AB097353-0BFC-4916-8CD6-7A4539AE94A7}.Ad-Hoc|Any CPU.Build.0 = Release|Any CPU
		{AB097353-0BFC-4916-8CD6-7A4539AE94A7}.Ad-Hoc|ARM.ActiveCfg = Release|Any CPU
		{AB097353-0BFC-4916-8CD6-7A4539AE94A7}.Ad-Hoc|ARM.Build.0 = Release|Any CPU
		{AB097353-0BFC-4916-8CD6-7A4539AE94A7}.Ad-Hoc|iPhone.ActiveCfg = Release|Any CPU
		{AB097353-0BFC-4916-8CD6-7A4539AE94A7}.Ad-Hoc|iPhone.Build.0 = Release|Any CPU
		{AB097353-0BFC-4916-8CD6-7A4539AE94A7}.Ad-Hoc|iPhoneSimulator.ActiveCfg = Release|Any CPU
		{AB097353-0BFC-4916-8CD6-7A4539AE94A7}.Ad-Hoc|iPhoneSimulator.Build.0 = Release|Any CPU
		{AB097353-0BFC-4916-8CD6-7A4539AE94A7}.Ad-Hoc|Mixed Platforms.ActiveCfg = Release|Any CPU
		{AB097353-0BFC-4916-8CD6-7A4539AE94A7}.Ad-Hoc|Mixed Platforms.Build.0 = Release|Any CPU
		{AB097353-0BFC-4916-8CD6-7A4539AE94A7}.Ad-Hoc|x64.ActiveCfg = Release|Any CPU
		{AB097353-0BFC-4916-8CD6-7A4539AE94A7}.Ad-Hoc|x64.Build.0 = Release|Any CPU
		{AB097353-0BFC-4916-8CD6-7A4539AE94A7}.Ad-Hoc|x86.ActiveCfg = Release|Any CPU
		{AB097353-0BFC-4916-8CD6-7A4539AE94A7}.Ad-Hoc|x86.Build.0 = Release|Any CPU
		{AB097353-0BFC-4916-8CD6-7A4539AE94A7}.AppStore|Any CPU.ActiveCfg = Release|Any CPU
		{AB097353-0BFC-4916-8CD6-7A4539AE94A7}.AppStore|Any CPU.Build.0 = Release|Any CPU
		{AB097353-0BFC-4916-8CD6-7A4539AE94A7}.AppStore|ARM.ActiveCfg = Release|Any CPU
		{AB097353-0BFC-4916-8CD6-7A4539AE94A7}.AppStore|ARM.Build.0 = Release|Any CPU
		{AB097353-0BFC-4916-8CD6-7A4539AE94A7}.AppStore|iPhone.ActiveCfg = Release|Any CPU
		{AB097353-0BFC-4916-8CD6-7A4539AE94A7}.AppStore|iPhone.Build.0 = Release|Any CPU
		{AB097353-0BFC-4916-8CD6-7A4539AE94A7}.AppStore|iPhoneSimulator.ActiveCfg = Release|Any CPU
		{AB097353-0BFC-4916-8CD6-7A4539AE94A7}.AppStore|iPhoneSimulator.Build.0 = Release|Any CPU
		{AB097353-0BFC-4916-8CD6-7A4539AE94A7}.AppStore|Mixed Platforms.ActiveCfg = Release|Any CPU
		{AB097353-0BFC-4916-8CD6-7A4539AE94A7}.AppStore|Mixed Platforms.Build.0 = Release|Any CPU
		{AB097353-0BFC-4916-8CD6-7A4539AE94A7}.AppStore|x64.ActiveCfg = Release|Any CPU
		{AB097353-0BFC-4916-8CD6-7A4539AE94A7}.AppStore|x64.Build.0 = Release|Any CPU
		{AB097353-0BFC-4916-8CD6-7A4539AE94A7}.AppStore|x86.ActiveCfg = Release|Any CPU
		{AB097353-0BFC-4916-8CD6-7A4539AE94A7}.AppStore|x86.Build.0 = Release|Any CPU
		{AB097353-0BFC-4916-8CD6-7A4539AE94A7}.Debug|Any CPU.ActiveCfg = Debug|Any CPU
		{AB097353-0BFC-4916-8CD6-7A4539AE94A7}.Debug|Any CPU.Build.0 = Debug|Any CPU
		{AB097353-0BFC-4916-8CD6-7A4539AE94A7}.Debug|ARM.ActiveCfg = Debug|Any CPU
		{AB097353-0BFC-4916-8CD6-7A4539AE94A7}.Debug|ARM.Build.0 = Debug|Any CPU
		{AB097353-0BFC-4916-8CD6-7A4539AE94A7}.Debug|iPhone.ActiveCfg = Debug|Any CPU
		{AB097353-0BFC-4916-8CD6-7A4539AE94A7}.Debug|iPhone.Build.0 = Debug|Any CPU
		{AB097353-0BFC-4916-8CD6-7A4539AE94A7}.Debug|iPhoneSimulator.ActiveCfg = Debug|Any CPU
		{AB097353-0BFC-4916-8CD6-7A4539AE94A7}.Debug|iPhoneSimulator.Build.0 = Debug|Any CPU
		{AB097353-0BFC-4916-8CD6-7A4539AE94A7}.Debug|Mixed Platforms.ActiveCfg = Debug|Any CPU
		{AB097353-0BFC-4916-8CD6-7A4539AE94A7}.Debug|Mixed Platforms.Build.0 = Debug|Any CPU
		{AB097353-0BFC-4916-8CD6-7A4539AE94A7}.Debug|x64.ActiveCfg = Debug|Any CPU
		{AB097353-0BFC-4916-8CD6-7A4539AE94A7}.Debug|x64.Build.0 = Debug|Any CPU
		{AB097353-0BFC-4916-8CD6-7A4539AE94A7}.Debug|x86.ActiveCfg = Debug|Any CPU
		{AB097353-0BFC-4916-8CD6-7A4539AE94A7}.Debug|x86.Build.0 = Debug|Any CPU
		{AB097353-0BFC-4916-8CD6-7A4539AE94A7}.Release|Any CPU.ActiveCfg = Release|Any CPU
		{AB097353-0BFC-4916-8CD6-7A4539AE94A7}.Release|Any CPU.Build.0 = Release|Any CPU
		{AB097353-0BFC-4916-8CD6-7A4539AE94A7}.Release|ARM.ActiveCfg = Release|Any CPU
		{AB097353-0BFC-4916-8CD6-7A4539AE94A7}.Release|ARM.Build.0 = Release|Any CPU
		{AB097353-0BFC-4916-8CD6-7A4539AE94A7}.Release|iPhone.ActiveCfg = Release|Any CPU
		{AB097353-0BFC-4916-8CD6-7A4539AE94A7}.Release|iPhone.Build.0 = Release|Any CPU
		{AB097353-0BFC-4916-8CD6-7A4539AE94A7}.Release|iPhoneSimulator.ActiveCfg = Release|Any CPU
		{AB097353-0BFC-4916-8CD6-7A4539AE94A7}.Release|iPhoneSimulator.Build.0 = Release|Any CPU
		{AB097353-0BFC-4916-8CD6-7A4539AE94A7}.Release|Mixed Platforms.ActiveCfg = Release|Any CPU
		{AB097353-0BFC-4916-8CD6-7A4539AE94A7}.Release|Mixed Platforms.Build.0 = Release|Any CPU
		{AB097353-0BFC-4916-8CD6-7A4539AE94A7}.Release|x64.ActiveCfg = Release|Any CPU
		{AB097353-0BFC-4916-8CD6-7A4539AE94A7}.Release|x64.Build.0 = Release|Any CPU
		{AB097353-0BFC-4916-8CD6-7A4539AE94A7}.Release|x86.ActiveCfg = Release|Any CPU
		{AB097353-0BFC-4916-8CD6-7A4539AE94A7}.Release|x86.Build.0 = Release|Any CPU
		{A20C615B-CE7A-4881-8395-995CA0CB838B}.Ad-Hoc|Any CPU.ActiveCfg = Release|x86
		{A20C615B-CE7A-4881-8395-995CA0CB838B}.Ad-Hoc|Any CPU.Build.0 = Release|x86
		{A20C615B-CE7A-4881-8395-995CA0CB838B}.Ad-Hoc|Any CPU.Deploy.0 = Release|x86
		{A20C615B-CE7A-4881-8395-995CA0CB838B}.Ad-Hoc|ARM.ActiveCfg = Release|ARM
		{A20C615B-CE7A-4881-8395-995CA0CB838B}.Ad-Hoc|ARM.Build.0 = Release|ARM
		{A20C615B-CE7A-4881-8395-995CA0CB838B}.Ad-Hoc|ARM.Deploy.0 = Release|ARM
		{A20C615B-CE7A-4881-8395-995CA0CB838B}.Ad-Hoc|iPhone.ActiveCfg = Release|x86
		{A20C615B-CE7A-4881-8395-995CA0CB838B}.Ad-Hoc|iPhone.Build.0 = Release|x86
		{A20C615B-CE7A-4881-8395-995CA0CB838B}.Ad-Hoc|iPhone.Deploy.0 = Release|x86
		{A20C615B-CE7A-4881-8395-995CA0CB838B}.Ad-Hoc|iPhoneSimulator.ActiveCfg = Release|x86
		{A20C615B-CE7A-4881-8395-995CA0CB838B}.Ad-Hoc|iPhoneSimulator.Build.0 = Release|x86
		{A20C615B-CE7A-4881-8395-995CA0CB838B}.Ad-Hoc|iPhoneSimulator.Deploy.0 = Release|x86
		{A20C615B-CE7A-4881-8395-995CA0CB838B}.Ad-Hoc|Mixed Platforms.ActiveCfg = Release|x86
		{A20C615B-CE7A-4881-8395-995CA0CB838B}.Ad-Hoc|Mixed Platforms.Build.0 = Release|x86
		{A20C615B-CE7A-4881-8395-995CA0CB838B}.Ad-Hoc|Mixed Platforms.Deploy.0 = Release|x86
		{A20C615B-CE7A-4881-8395-995CA0CB838B}.Ad-Hoc|x64.ActiveCfg = Release|x64
		{A20C615B-CE7A-4881-8395-995CA0CB838B}.Ad-Hoc|x64.Build.0 = Release|x64
		{A20C615B-CE7A-4881-8395-995CA0CB838B}.Ad-Hoc|x64.Deploy.0 = Release|x64
		{A20C615B-CE7A-4881-8395-995CA0CB838B}.Ad-Hoc|x86.ActiveCfg = Release|x86
		{A20C615B-CE7A-4881-8395-995CA0CB838B}.Ad-Hoc|x86.Build.0 = Release|x86
		{A20C615B-CE7A-4881-8395-995CA0CB838B}.Ad-Hoc|x86.Deploy.0 = Release|x86
		{A20C615B-CE7A-4881-8395-995CA0CB838B}.AppStore|Any CPU.ActiveCfg = Release|x86
		{A20C615B-CE7A-4881-8395-995CA0CB838B}.AppStore|Any CPU.Build.0 = Release|x86
		{A20C615B-CE7A-4881-8395-995CA0CB838B}.AppStore|Any CPU.Deploy.0 = Release|x86
		{A20C615B-CE7A-4881-8395-995CA0CB838B}.AppStore|ARM.ActiveCfg = Release|ARM
		{A20C615B-CE7A-4881-8395-995CA0CB838B}.AppStore|ARM.Build.0 = Release|ARM
		{A20C615B-CE7A-4881-8395-995CA0CB838B}.AppStore|ARM.Deploy.0 = Release|ARM
		{A20C615B-CE7A-4881-8395-995CA0CB838B}.AppStore|iPhone.ActiveCfg = Release|x86
		{A20C615B-CE7A-4881-8395-995CA0CB838B}.AppStore|iPhone.Build.0 = Release|x86
		{A20C615B-CE7A-4881-8395-995CA0CB838B}.AppStore|iPhone.Deploy.0 = Release|x86
		{A20C615B-CE7A-4881-8395-995CA0CB838B}.AppStore|iPhoneSimulator.ActiveCfg = Release|x86
		{A20C615B-CE7A-4881-8395-995CA0CB838B}.AppStore|iPhoneSimulator.Build.0 = Release|x86
		{A20C615B-CE7A-4881-8395-995CA0CB838B}.AppStore|iPhoneSimulator.Deploy.0 = Release|x86
		{A20C615B-CE7A-4881-8395-995CA0CB838B}.AppStore|Mixed Platforms.ActiveCfg = Release|x86
		{A20C615B-CE7A-4881-8395-995CA0CB838B}.AppStore|Mixed Platforms.Build.0 = Release|x86
		{A20C615B-CE7A-4881-8395-995CA0CB838B}.AppStore|Mixed Platforms.Deploy.0 = Release|x86
		{A20C615B-CE7A-4881-8395-995CA0CB838B}.AppStore|x64.ActiveCfg = Release|x64
		{A20C615B-CE7A-4881-8395-995CA0CB838B}.AppStore|x64.Build.0 = Release|x64
		{A20C615B-CE7A-4881-8395-995CA0CB838B}.AppStore|x64.Deploy.0 = Release|x64
		{A20C615B-CE7A-4881-8395-995CA0CB838B}.AppStore|x86.ActiveCfg = Release|x86
		{A20C615B-CE7A-4881-8395-995CA0CB838B}.AppStore|x86.Build.0 = Release|x86
		{A20C615B-CE7A-4881-8395-995CA0CB838B}.AppStore|x86.Deploy.0 = Release|x86
		{A20C615B-CE7A-4881-8395-995CA0CB838B}.Debug|Any CPU.ActiveCfg = Debug|x86
		{A20C615B-CE7A-4881-8395-995CA0CB838B}.Debug|ARM.ActiveCfg = Debug|ARM
		{A20C615B-CE7A-4881-8395-995CA0CB838B}.Debug|ARM.Build.0 = Debug|ARM
		{A20C615B-CE7A-4881-8395-995CA0CB838B}.Debug|ARM.Deploy.0 = Debug|ARM
		{A20C615B-CE7A-4881-8395-995CA0CB838B}.Debug|iPhone.ActiveCfg = Debug|x86
		{A20C615B-CE7A-4881-8395-995CA0CB838B}.Debug|iPhoneSimulator.ActiveCfg = Debug|x86
		{A20C615B-CE7A-4881-8395-995CA0CB838B}.Debug|Mixed Platforms.ActiveCfg = Debug|x86
		{A20C615B-CE7A-4881-8395-995CA0CB838B}.Debug|Mixed Platforms.Build.0 = Debug|x86
		{A20C615B-CE7A-4881-8395-995CA0CB838B}.Debug|Mixed Platforms.Deploy.0 = Debug|x86
		{A20C615B-CE7A-4881-8395-995CA0CB838B}.Debug|x64.ActiveCfg = Debug|x64
		{A20C615B-CE7A-4881-8395-995CA0CB838B}.Debug|x64.Build.0 = Debug|x64
		{A20C615B-CE7A-4881-8395-995CA0CB838B}.Debug|x64.Deploy.0 = Debug|x64
		{A20C615B-CE7A-4881-8395-995CA0CB838B}.Debug|x86.ActiveCfg = Debug|x86
		{A20C615B-CE7A-4881-8395-995CA0CB838B}.Debug|x86.Build.0 = Debug|x86
		{A20C615B-CE7A-4881-8395-995CA0CB838B}.Debug|x86.Deploy.0 = Debug|x86
		{A20C615B-CE7A-4881-8395-995CA0CB838B}.Release|Any CPU.ActiveCfg = Release|x86
		{A20C615B-CE7A-4881-8395-995CA0CB838B}.Release|ARM.ActiveCfg = Release|ARM
		{A20C615B-CE7A-4881-8395-995CA0CB838B}.Release|ARM.Build.0 = Release|ARM
		{A20C615B-CE7A-4881-8395-995CA0CB838B}.Release|ARM.Deploy.0 = Release|ARM
		{A20C615B-CE7A-4881-8395-995CA0CB838B}.Release|iPhone.ActiveCfg = Release|x86
		{A20C615B-CE7A-4881-8395-995CA0CB838B}.Release|iPhoneSimulator.ActiveCfg = Release|x86
		{A20C615B-CE7A-4881-8395-995CA0CB838B}.Release|Mixed Platforms.ActiveCfg = Release|x86
		{A20C615B-CE7A-4881-8395-995CA0CB838B}.Release|Mixed Platforms.Build.0 = Release|x86
		{A20C615B-CE7A-4881-8395-995CA0CB838B}.Release|Mixed Platforms.Deploy.0 = Release|x86
		{A20C615B-CE7A-4881-8395-995CA0CB838B}.Release|x64.ActiveCfg = Release|x64
		{A20C615B-CE7A-4881-8395-995CA0CB838B}.Release|x64.Build.0 = Release|x64
		{A20C615B-CE7A-4881-8395-995CA0CB838B}.Release|x64.Deploy.0 = Release|x64
		{A20C615B-CE7A-4881-8395-995CA0CB838B}.Release|x86.ActiveCfg = Release|x86
		{A20C615B-CE7A-4881-8395-995CA0CB838B}.Release|x86.Build.0 = Release|x86
		{A20C615B-CE7A-4881-8395-995CA0CB838B}.Release|x86.Deploy.0 = Release|x86
		{23733568-DFA4-4543-BB94-EADE4B01C8E9}.Ad-Hoc|Any CPU.ActiveCfg = Ad-Hoc|iPhone
		{23733568-DFA4-4543-BB94-EADE4B01C8E9}.Ad-Hoc|ARM.ActiveCfg = Ad-Hoc|iPhone
		{23733568-DFA4-4543-BB94-EADE4B01C8E9}.Ad-Hoc|iPhone.ActiveCfg = Ad-Hoc|iPhone
		{23733568-DFA4-4543-BB94-EADE4B01C8E9}.Ad-Hoc|iPhone.Build.0 = Ad-Hoc|iPhone
		{23733568-DFA4-4543-BB94-EADE4B01C8E9}.Ad-Hoc|iPhoneSimulator.ActiveCfg = Ad-Hoc|iPhoneSimulator
		{23733568-DFA4-4543-BB94-EADE4B01C8E9}.Ad-Hoc|iPhoneSimulator.Build.0 = Ad-Hoc|iPhoneSimulator
		{23733568-DFA4-4543-BB94-EADE4B01C8E9}.Ad-Hoc|Mixed Platforms.ActiveCfg = Ad-Hoc|iPhone
		{23733568-DFA4-4543-BB94-EADE4B01C8E9}.Ad-Hoc|Mixed Platforms.Build.0 = Ad-Hoc|iPhone
		{23733568-DFA4-4543-BB94-EADE4B01C8E9}.Ad-Hoc|x64.ActiveCfg = Ad-Hoc|iPhone
		{23733568-DFA4-4543-BB94-EADE4B01C8E9}.Ad-Hoc|x86.ActiveCfg = Ad-Hoc|iPhone
		{23733568-DFA4-4543-BB94-EADE4B01C8E9}.AppStore|Any CPU.ActiveCfg = AppStore|iPhone
		{23733568-DFA4-4543-BB94-EADE4B01C8E9}.AppStore|ARM.ActiveCfg = AppStore|iPhone
		{23733568-DFA4-4543-BB94-EADE4B01C8E9}.AppStore|iPhone.ActiveCfg = AppStore|iPhone
		{23733568-DFA4-4543-BB94-EADE4B01C8E9}.AppStore|iPhone.Build.0 = AppStore|iPhone
		{23733568-DFA4-4543-BB94-EADE4B01C8E9}.AppStore|iPhoneSimulator.ActiveCfg = AppStore|iPhoneSimulator
		{23733568-DFA4-4543-BB94-EADE4B01C8E9}.AppStore|iPhoneSimulator.Build.0 = AppStore|iPhoneSimulator
		{23733568-DFA4-4543-BB94-EADE4B01C8E9}.AppStore|Mixed Platforms.ActiveCfg = AppStore|iPhone
		{23733568-DFA4-4543-BB94-EADE4B01C8E9}.AppStore|Mixed Platforms.Build.0 = AppStore|iPhone
		{23733568-DFA4-4543-BB94-EADE4B01C8E9}.AppStore|x64.ActiveCfg = AppStore|iPhone
		{23733568-DFA4-4543-BB94-EADE4B01C8E9}.AppStore|x86.ActiveCfg = AppStore|iPhone
		{23733568-DFA4-4543-BB94-EADE4B01C8E9}.Debug|Any CPU.ActiveCfg = Debug|iPhone
		{23733568-DFA4-4543-BB94-EADE4B01C8E9}.Debug|ARM.ActiveCfg = Debug|iPhone
		{23733568-DFA4-4543-BB94-EADE4B01C8E9}.Debug|iPhone.ActiveCfg = Debug|iPhone
		{23733568-DFA4-4543-BB94-EADE4B01C8E9}.Debug|iPhone.Build.0 = Debug|iPhone
		{23733568-DFA4-4543-BB94-EADE4B01C8E9}.Debug|iPhoneSimulator.ActiveCfg = Debug|iPhoneSimulator
		{23733568-DFA4-4543-BB94-EADE4B01C8E9}.Debug|iPhoneSimulator.Build.0 = Debug|iPhoneSimulator
		{23733568-DFA4-4543-BB94-EADE4B01C8E9}.Debug|Mixed Platforms.ActiveCfg = Debug|iPhone
		{23733568-DFA4-4543-BB94-EADE4B01C8E9}.Debug|Mixed Platforms.Build.0 = Debug|iPhone
		{23733568-DFA4-4543-BB94-EADE4B01C8E9}.Debug|x64.ActiveCfg = Debug|iPhone
		{23733568-DFA4-4543-BB94-EADE4B01C8E9}.Debug|x86.ActiveCfg = Debug|iPhone
		{23733568-DFA4-4543-BB94-EADE4B01C8E9}.Release|Any CPU.ActiveCfg = Release|iPhone
		{23733568-DFA4-4543-BB94-EADE4B01C8E9}.Release|ARM.ActiveCfg = Release|iPhone
		{23733568-DFA4-4543-BB94-EADE4B01C8E9}.Release|iPhone.ActiveCfg = Release|iPhone
		{23733568-DFA4-4543-BB94-EADE4B01C8E9}.Release|iPhone.Build.0 = Release|iPhone
		{23733568-DFA4-4543-BB94-EADE4B01C8E9}.Release|iPhoneSimulator.ActiveCfg = Release|iPhoneSimulator
		{23733568-DFA4-4543-BB94-EADE4B01C8E9}.Release|iPhoneSimulator.Build.0 = Release|iPhoneSimulator
		{23733568-DFA4-4543-BB94-EADE4B01C8E9}.Release|Mixed Platforms.ActiveCfg = Release|iPhone
		{23733568-DFA4-4543-BB94-EADE4B01C8E9}.Release|Mixed Platforms.Build.0 = Release|iPhone
		{23733568-DFA4-4543-BB94-EADE4B01C8E9}.Release|x64.ActiveCfg = Release|iPhone
		{23733568-DFA4-4543-BB94-EADE4B01C8E9}.Release|x86.ActiveCfg = Release|iPhone
	EndGlobalSection
	GlobalSection(SolutionProperties) = preSolution
		HideSolutionNode = FALSE
	EndGlobalSection
	GlobalSection(NestedProjects) = preSolution
	EndGlobalSection
EndGlobal
