
Microsoft Visual Studio Solution File, Format Version 12.00
# Visual Studio 15
VisualStudioVersion = 15.0.27428.2002
MinimumVisualStudioVersion = 10.0.40219.1
Project("{FAE04EC0-301F-11D3-BF4B-00C04F79EFBC}") = "AuthUWPBug.UWP", "AuthUWPBug\AuthUWPBug.UWP\AuthUWPBug.UWP.csproj", "{2196A9EF-29C4-48EA-85E8-7E28F489EB0E}"
EndProject
Project("{FAE04EC0-301F-11D3-BF4B-00C04F79EFBC}") = "AuthUWPBug", "AuthUWPBug\AuthUWPBug\AuthUWPBug.csproj", "{3F6C2F6D-BA96-4812-97E9-3CE8060F51DE}"
EndProject
Global
	GlobalSection(SolutionConfigurationPlatforms) = preSolution
		Debug|Any CPU = Debug|Any CPU
		Debug|ARM = Debug|ARM
		Debug|x64 = Debug|x64
		Debug|x86 = Debug|x86
		Release|Any CPU = Release|Any CPU
		Release|ARM = Release|ARM
		Release|x64 = Release|x64
		Release|x86 = Release|x86
	EndGlobalSection
	GlobalSection(ProjectConfigurationPlatforms) = postSolution
		{2196A9EF-29C4-48EA-85E8-7E28F489EB0E}.Debug|Any CPU.ActiveCfg = Debug|x86
		{2196A9EF-29C4-48EA-85E8-7E28F489EB0E}.Debug|ARM.ActiveCfg = Debug|ARM
		{2196A9EF-29C4-48EA-85E8-7E28F489EB0E}.Debug|ARM.Build.0 = Debug|ARM
		{2196A9EF-29C4-48EA-85E8-7E28F489EB0E}.Debug|ARM.Deploy.0 = Debug|ARM
		{2196A9EF-29C4-48EA-85E8-7E28F489EB0E}.Debug|x64.ActiveCfg = Debug|x64
		{2196A9EF-29C4-48EA-85E8-7E28F489EB0E}.Debug|x64.Build.0 = Debug|x64
		{2196A9EF-29C4-48EA-85E8-7E28F489EB0E}.Debug|x64.Deploy.0 = Debug|x64
		{2196A9EF-29C4-48EA-85E8-7E28F489EB0E}.Debug|x86.ActiveCfg = Debug|x86
		{2196A9EF-29C4-48EA-85E8-7E28F489EB0E}.Debug|x86.Build.0 = Debug|x86
		{2196A9EF-29C4-48EA-85E8-7E28F489EB0E}.Debug|x86.Deploy.0 = Debug|x86
		{2196A9EF-29C4-48EA-85E8-7E28F489EB0E}.Release|Any CPU.ActiveCfg = Release|x86
		{2196A9EF-29C4-48EA-85E8-7E28F489EB0E}.Release|ARM.ActiveCfg = Release|ARM
		{2196A9EF-29C4-48EA-85E8-7E28F489EB0E}.Release|ARM.Build.0 = Release|ARM
		{2196A9EF-29C4-48EA-85E8-7E28F489EB0E}.Release|ARM.Deploy.0 = Release|ARM
		{2196A9EF-29C4-48EA-85E8-7E28F489EB0E}.Release|x64.ActiveCfg = Release|x64
		{2196A9EF-29C4-48EA-85E8-7E28F489EB0E}.Release|x64.Build.0 = Release|x64
		{2196A9EF-29C4-48EA-85E8-7E28F489EB0E}.Release|x64.Deploy.0 = Release|x64
		{2196A9EF-29C4-48EA-85E8-7E28F489EB0E}.Release|x86.ActiveCfg = Release|x86
		{2196A9EF-29C4-48EA-85E8-7E28F489EB0E}.Release|x86.Build.0 = Release|x86
		{2196A9EF-29C4-48EA-85E8-7E28F489EB0E}.Release|x86.Deploy.0 = Release|x86
		{3F6C2F6D-BA96-4812-97E9-3CE8060F51DE}.Debug|Any CPU.ActiveCfg = Debug|Any CPU
		{3F6C2F6D-BA96-4812-97E9-3CE8060F51DE}.Debug|Any CPU.Build.0 = Debug|Any CPU
		{3F6C2F6D-BA96-4812-97E9-3CE8060F51DE}.Debug|ARM.ActiveCfg = Debug|Any CPU
		{3F6C2F6D-BA96-4812-97E9-3CE8060F51DE}.Debug|ARM.Build.0 = Debug|Any CPU
		{3F6C2F6D-BA96-4812-97E9-3CE8060F51DE}.Debug|x64.ActiveCfg = Debug|Any CPU
		{3F6C2F6D-BA96-4812-97E9-3CE8060F51DE}.Debug|x64.Build.0 = Debug|Any CPU
		{3F6C2F6D-BA96-4812-97E9-3CE8060F51DE}.Debug|x86.ActiveCfg = Debug|Any CPU
		{3F6C2F6D-BA96-4812-97E9-3CE8060F51DE}.Debug|x86.Build.0 = Debug|Any CPU
		{3F6C2F6D-BA96-4812-97E9-3CE8060F51DE}.Release|Any CPU.ActiveCfg = Release|Any CPU
		{3F6C2F6D-BA96-4812-97E9-3CE8060F51DE}.Release|Any CPU.Build.0 = Release|Any CPU
		{3F6C2F6D-BA96-4812-97E9-3CE8060F51DE}.Release|ARM.ActiveCfg = Release|Any CPU
		{3F6C2F6D-BA96-4812-97E9-3CE8060F51DE}.Release|ARM.Build.0 = Release|Any CPU
		{3F6C2F6D-BA96-4812-97E9-3CE8060F51DE}.Release|x64.ActiveCfg = Release|Any CPU
		{3F6C2F6D-BA96-4812-97E9-3CE8060F51DE}.Release|x64.Build.0 = Release|Any CPU
		{3F6C2F6D-BA96-4812-97E9-3CE8060F51DE}.Release|x86.ActiveCfg = Release|Any CPU
		{3F6C2F6D-BA96-4812-97E9-3CE8060F51DE}.Release|x86.Build.0 = Release|Any CPU
	EndGlobalSection
	GlobalSection(SolutionProperties) = preSolution
		HideSolutionNode = FALSE
	EndGlobalSection
	GlobalSection(ExtensibilityGlobals) = postSolution
		SolutionGuid = {E48A45A0-46EB-4EB7-B8BD-A44E4E61AE3E}
	EndGlobalSection
EndGlobal
