
Microsoft Visual Studio Solution File, Format Version 12.00
# Visual Studio 15
VisualStudioVersion = 15.0.27130.2027
MinimumVisualStudioVersion = 10.0.40219.1
Project("{FAE04EC0-301F-11D3-BF4B-00C04F79EFBC}") = "App1.Android", "App1\App1.Android\App1.Android.csproj", "{A2144ACD-F66B-48C2-95DA-8C3ED725B516}"
EndProject
Project("{FAE04EC0-301F-11D3-BF4B-00C04F79EFBC}") = "App1.iOS", "App1\App1.iOS\App1.iOS.csproj", "{728D0F8A-A86F-409D-8770-7420A52DF27C}"
EndProject
Project("{FAE04EC0-301F-11D3-BF4B-00C04F79EFBC}") = "App1.UWP", "App1\App1.UWP\App1.UWP.csproj", "{11E4FD33-642C-4F89-91A7-C896EF054DD7}"
EndProject
Project("{D954291E-2A0B-460D-934E-DC6B0785DB48}") = "App1", "App1\App1\App1.shproj", "{50B950D9-C440-4C73-B927-89727109E6A7}"
EndProject
Global
	GlobalSection(SharedMSBuildProjectFiles) = preSolution
		App1\App1\App1.projitems*{11e4fd33-642c-4f89-91a7-c896ef054dd7}*SharedItemsImports = 4
		App1\App1\App1.projitems*{50b950d9-c440-4c73-b927-89727109e6a7}*SharedItemsImports = 13
		App1\App1\App1.projitems*{728d0f8a-a86f-409d-8770-7420a52df27c}*SharedItemsImports = 4
		App1\App1\App1.projitems*{a2144acd-f66b-48c2-95da-8c3ed725b516}*SharedItemsImports = 4
	EndGlobalSection
	GlobalSection(SolutionConfigurationPlatforms) = preSolution
		Ad-Hoc|Any CPU = Ad-Hoc|Any CPU
		Ad-Hoc|ARM = Ad-Hoc|ARM
		Ad-Hoc|iPhone = Ad-Hoc|iPhone
		Ad-Hoc|iPhoneSimulator = Ad-Hoc|iPhoneSimulator
		Ad-Hoc|x64 = Ad-Hoc|x64
		Ad-Hoc|x86 = Ad-Hoc|x86
		AppStore|Any CPU = AppStore|Any CPU
		AppStore|ARM = AppStore|ARM
		AppStore|iPhone = AppStore|iPhone
		AppStore|iPhoneSimulator = AppStore|iPhoneSimulator
		AppStore|x64 = AppStore|x64
		AppStore|x86 = AppStore|x86
		Debug|Any CPU = Debug|Any CPU
		Debug|ARM = Debug|ARM
		Debug|iPhone = Debug|iPhone
		Debug|iPhoneSimulator = Debug|iPhoneSimulator
		Debug|x64 = Debug|x64
		Debug|x86 = Debug|x86
		Release|Any CPU = Release|Any CPU
		Release|ARM = Release|ARM
		Release|iPhone = Release|iPhone
		Release|iPhoneSimulator = Release|iPhoneSimulator
		Release|x64 = Release|x64
		Release|x86 = Release|x86
	EndGlobalSection
	GlobalSection(ProjectConfigurationPlatforms) = postSolution
		{A2144ACD-F66B-48C2-95DA-8C3ED725B516}.Ad-Hoc|Any CPU.ActiveCfg = Release|Any CPU
		{A2144ACD-F66B-48C2-95DA-8C3ED725B516}.Ad-Hoc|Any CPU.Build.0 = Release|Any CPU
		{A2144ACD-F66B-48C2-95DA-8C3ED725B516}.Ad-Hoc|Any CPU.Deploy.0 = Release|Any CPU
		{A2144ACD-F66B-48C2-95DA-8C3ED725B516}.Ad-Hoc|ARM.ActiveCfg = Release|Any CPU
		{A2144ACD-F66B-48C2-95DA-8C3ED725B516}.Ad-Hoc|ARM.Build.0 = Release|Any CPU
		{A2144ACD-F66B-48C2-95DA-8C3ED725B516}.Ad-Hoc|ARM.Deploy.0 = Release|Any CPU
		{A2144ACD-F66B-48C2-95DA-8C3ED725B516}.Ad-Hoc|iPhone.ActiveCfg = Release|Any CPU
		{A2144ACD-F66B-48C2-95DA-8C3ED725B516}.Ad-Hoc|iPhone.Build.0 = Release|Any CPU
		{A2144ACD-F66B-48C2-95DA-8C3ED725B516}.Ad-Hoc|iPhone.Deploy.0 = Release|Any CPU
		{A2144ACD-F66B-48C2-95DA-8C3ED725B516}.Ad-Hoc|iPhoneSimulator.ActiveCfg = Release|Any CPU
		{A2144ACD-F66B-48C2-95DA-8C3ED725B516}.Ad-Hoc|iPhoneSimulator.Build.0 = Release|Any CPU
		{A2144ACD-F66B-48C2-95DA-8C3ED725B516}.Ad-Hoc|iPhoneSimulator.Deploy.0 = Release|Any CPU
		{A2144ACD-F66B-48C2-95DA-8C3ED725B516}.Ad-Hoc|x64.ActiveCfg = Release|Any CPU
		{A2144ACD-F66B-48C2-95DA-8C3ED725B516}.Ad-Hoc|x64.Build.0 = Release|Any CPU
		{A2144ACD-F66B-48C2-95DA-8C3ED725B516}.Ad-Hoc|x64.Deploy.0 = Release|Any CPU
		{A2144ACD-F66B-48C2-95DA-8C3ED725B516}.Ad-Hoc|x86.ActiveCfg = Release|Any CPU
		{A2144ACD-F66B-48C2-95DA-8C3ED725B516}.Ad-Hoc|x86.Build.0 = Release|Any CPU
		{A2144ACD-F66B-48C2-95DA-8C3ED725B516}.Ad-Hoc|x86.Deploy.0 = Release|Any CPU
		{A2144ACD-F66B-48C2-95DA-8C3ED725B516}.AppStore|Any CPU.ActiveCfg = Release|Any CPU
		{A2144ACD-F66B-48C2-95DA-8C3ED725B516}.AppStore|Any CPU.Build.0 = Release|Any CPU
		{A2144ACD-F66B-48C2-95DA-8C3ED725B516}.AppStore|Any CPU.Deploy.0 = Release|Any CPU
		{A2144ACD-F66B-48C2-95DA-8C3ED725B516}.AppStore|ARM.ActiveCfg = Release|Any CPU
		{A2144ACD-F66B-48C2-95DA-8C3ED725B516}.AppStore|ARM.Build.0 = Release|Any CPU
		{A2144ACD-F66B-48C2-95DA-8C3ED725B516}.AppStore|ARM.Deploy.0 = Release|Any CPU
		{A2144ACD-F66B-48C2-95DA-8C3ED725B516}.AppStore|iPhone.ActiveCfg = Release|Any CPU
		{A2144ACD-F66B-48C2-95DA-8C3ED725B516}.AppStore|iPhone.Build.0 = Release|Any CPU
		{A2144ACD-F66B-48C2-95DA-8C3ED725B516}.AppStore|iPhone.Deploy.0 = Release|Any CPU
		{A2144ACD-F66B-48C2-95DA-8C3ED725B516}.AppStore|iPhoneSimulator.ActiveCfg = Release|Any CPU
		{A2144ACD-F66B-48C2-95DA-8C3ED725B516}.AppStore|iPhoneSimulator.Build.0 = Release|Any CPU
		{A2144ACD-F66B-48C2-95DA-8C3ED725B516}.AppStore|iPhoneSimulator.Deploy.0 = Release|Any CPU
		{A2144ACD-F66B-48C2-95DA-8C3ED725B516}.AppStore|x64.ActiveCfg = Release|Any CPU
		{A2144ACD-F66B-48C2-95DA-8C3ED725B516}.AppStore|x64.Build.0 = Release|Any CPU
		{A2144ACD-F66B-48C2-95DA-8C3ED725B516}.AppStore|x64.Deploy.0 = Release|Any CPU
		{A2144ACD-F66B-48C2-95DA-8C3ED725B516}.AppStore|x86.ActiveCfg = Release|Any CPU
		{A2144ACD-F66B-48C2-95DA-8C3ED725B516}.AppStore|x86.Build.0 = Release|Any CPU
		{A2144ACD-F66B-48C2-95DA-8C3ED725B516}.AppStore|x86.Deploy.0 = Release|Any CPU
		{A2144ACD-F66B-48C2-95DA-8C3ED725B516}.Debug|Any CPU.ActiveCfg = Debug|Any CPU
		{A2144ACD-F66B-48C2-95DA-8C3ED725B516}.Debug|Any CPU.Build.0 = Debug|Any CPU
		{A2144ACD-F66B-48C2-95DA-8C3ED725B516}.Debug|Any CPU.Deploy.0 = Debug|Any CPU
		{A2144ACD-F66B-48C2-95DA-8C3ED725B516}.Debug|ARM.ActiveCfg = Debug|Any CPU
		{A2144ACD-F66B-48C2-95DA-8C3ED725B516}.Debug|ARM.Build.0 = Debug|Any CPU
		{A2144ACD-F66B-48C2-95DA-8C3ED725B516}.Debug|ARM.Deploy.0 = Debug|Any CPU
		{A2144ACD-F66B-48C2-95DA-8C3ED725B516}.Debug|iPhone.ActiveCfg = Debug|Any CPU
		{A2144ACD-F66B-48C2-95DA-8C3ED725B516}.Debug|iPhone.Build.0 = Debug|Any CPU
		{A2144ACD-F66B-48C2-95DA-8C3ED725B516}.Debug|iPhone.Deploy.0 = Debug|Any CPU
		{A2144ACD-F66B-48C2-95DA-8C3ED725B516}.Debug|iPhoneSimulator.ActiveCfg = Debug|Any CPU
		{A2144ACD-F66B-48C2-95DA-8C3ED725B516}.Debug|iPhoneSimulator.Build.0 = Debug|Any CPU
		{A2144ACD-F66B-48C2-95DA-8C3ED725B516}.Debug|iPhoneSimulator.Deploy.0 = Debug|Any CPU
		{A2144ACD-F66B-48C2-95DA-8C3ED725B516}.Debug|x64.ActiveCfg = Debug|Any CPU
		{A2144ACD-F66B-48C2-95DA-8C3ED725B516}.Debug|x64.Build.0 = Debug|Any CPU
		{A2144ACD-F66B-48C2-95DA-8C3ED725B516}.Debug|x64.Deploy.0 = Debug|Any CPU
		{A2144ACD-F66B-48C2-95DA-8C3ED725B516}.Debug|x86.ActiveCfg = Debug|Any CPU
		{A2144ACD-F66B-48C2-95DA-8C3ED725B516}.Debug|x86.Build.0 = Debug|Any CPU
		{A2144ACD-F66B-48C2-95DA-8C3ED725B516}.Debug|x86.Deploy.0 = Debug|Any CPU
		{A2144ACD-F66B-48C2-95DA-8C3ED725B516}.Release|Any CPU.ActiveCfg = Release|Any CPU
		{A2144ACD-F66B-48C2-95DA-8C3ED725B516}.Release|Any CPU.Build.0 = Release|Any CPU
		{A2144ACD-F66B-48C2-95DA-8C3ED725B516}.Release|Any CPU.Deploy.0 = Release|Any CPU
		{A2144ACD-F66B-48C2-95DA-8C3ED725B516}.Release|ARM.ActiveCfg = Release|Any CPU
		{A2144ACD-F66B-48C2-95DA-8C3ED725B516}.Release|ARM.Build.0 = Release|Any CPU
		{A2144ACD-F66B-48C2-95DA-8C3ED725B516}.Release|ARM.Deploy.0 = Release|Any CPU
		{A2144ACD-F66B-48C2-95DA-8C3ED725B516}.Release|iPhone.ActiveCfg = Release|Any CPU
		{A2144ACD-F66B-48C2-95DA-8C3ED725B516}.Release|iPhone.Build.0 = Release|Any CPU
		{A2144ACD-F66B-48C2-95DA-8C3ED725B516}.Release|iPhone.Deploy.0 = Release|Any CPU
		{A2144ACD-F66B-48C2-95DA-8C3ED725B516}.Release|iPhoneSimulator.ActiveCfg = Release|Any CPU
		{A2144ACD-F66B-48C2-95DA-8C3ED725B516}.Release|iPhoneSimulator.Build.0 = Release|Any CPU
		{A2144ACD-F66B-48C2-95DA-8C3ED725B516}.Release|iPhoneSimulator.Deploy.0 = Release|Any CPU
		{A2144ACD-F66B-48C2-95DA-8C3ED725B516}.Release|x64.ActiveCfg = Release|Any CPU
		{A2144ACD-F66B-48C2-95DA-8C3ED725B516}.Release|x64.Build.0 = Release|Any CPU
		{A2144ACD-F66B-48C2-95DA-8C3ED725B516}.Release|x64.Deploy.0 = Release|Any CPU
		{A2144ACD-F66B-48C2-95DA-8C3ED725B516}.Release|x86.ActiveCfg = Release|Any CPU
		{A2144ACD-F66B-48C2-95DA-8C3ED725B516}.Release|x86.Build.0 = Release|Any CPU
		{A2144ACD-F66B-48C2-95DA-8C3ED725B516}.Release|x86.Deploy.0 = Release|Any CPU
		{728D0F8A-A86F-409D-8770-7420A52DF27C}.Ad-Hoc|Any CPU.ActiveCfg = Ad-Hoc|iPhone
		{728D0F8A-A86F-409D-8770-7420A52DF27C}.Ad-Hoc|ARM.ActiveCfg = Ad-Hoc|iPhone
		{728D0F8A-A86F-409D-8770-7420A52DF27C}.Ad-Hoc|iPhone.ActiveCfg = Ad-Hoc|iPhone
		{728D0F8A-A86F-409D-8770-7420A52DF27C}.Ad-Hoc|iPhone.Build.0 = Ad-Hoc|iPhone
		{728D0F8A-A86F-409D-8770-7420A52DF27C}.Ad-Hoc|iPhoneSimulator.ActiveCfg = Ad-Hoc|iPhoneSimulator
		{728D0F8A-A86F-409D-8770-7420A52DF27C}.Ad-Hoc|iPhoneSimulator.Build.0 = Ad-Hoc|iPhoneSimulator
		{728D0F8A-A86F-409D-8770-7420A52DF27C}.Ad-Hoc|x64.ActiveCfg = Ad-Hoc|iPhone
		{728D0F8A-A86F-409D-8770-7420A52DF27C}.Ad-Hoc|x86.ActiveCfg = Ad-Hoc|iPhone
		{728D0F8A-A86F-409D-8770-7420A52DF27C}.AppStore|Any CPU.ActiveCfg = AppStore|iPhone
		{728D0F8A-A86F-409D-8770-7420A52DF27C}.AppStore|ARM.ActiveCfg = AppStore|iPhone
		{728D0F8A-A86F-409D-8770-7420A52DF27C}.AppStore|iPhone.ActiveCfg = AppStore|iPhone
		{728D0F8A-A86F-409D-8770-7420A52DF27C}.AppStore|iPhone.Build.0 = AppStore|iPhone
		{728D0F8A-A86F-409D-8770-7420A52DF27C}.AppStore|iPhoneSimulator.ActiveCfg = AppStore|iPhoneSimulator
		{728D0F8A-A86F-409D-8770-7420A52DF27C}.AppStore|iPhoneSimulator.Build.0 = AppStore|iPhoneSimulator
		{728D0F8A-A86F-409D-8770-7420A52DF27C}.AppStore|x64.ActiveCfg = AppStore|iPhone
		{728D0F8A-A86F-409D-8770-7420A52DF27C}.AppStore|x86.ActiveCfg = AppStore|iPhone
		{728D0F8A-A86F-409D-8770-7420A52DF27C}.Debug|Any CPU.ActiveCfg = Debug|iPhone
		{728D0F8A-A86F-409D-8770-7420A52DF27C}.Debug|ARM.ActiveCfg = Debug|iPhone
		{728D0F8A-A86F-409D-8770-7420A52DF27C}.Debug|iPhone.ActiveCfg = Debug|iPhone
		{728D0F8A-A86F-409D-8770-7420A52DF27C}.Debug|iPhone.Build.0 = Debug|iPhone
		{728D0F8A-A86F-409D-8770-7420A52DF27C}.Debug|iPhoneSimulator.ActiveCfg = Debug|iPhoneSimulator
		{728D0F8A-A86F-409D-8770-7420A52DF27C}.Debug|iPhoneSimulator.Build.0 = Debug|iPhoneSimulator
		{728D0F8A-A86F-409D-8770-7420A52DF27C}.Debug|x64.ActiveCfg = Debug|iPhone
		{728D0F8A-A86F-409D-8770-7420A52DF27C}.Debug|x86.ActiveCfg = Debug|iPhone
		{728D0F8A-A86F-409D-8770-7420A52DF27C}.Release|Any CPU.ActiveCfg = Release|iPhone
		{728D0F8A-A86F-409D-8770-7420A52DF27C}.Release|ARM.ActiveCfg = Release|iPhone
		{728D0F8A-A86F-409D-8770-7420A52DF27C}.Release|iPhone.ActiveCfg = Release|iPhone
		{728D0F8A-A86F-409D-8770-7420A52DF27C}.Release|iPhone.Build.0 = Release|iPhone
		{728D0F8A-A86F-409D-8770-7420A52DF27C}.Release|iPhoneSimulator.ActiveCfg = Release|iPhoneSimulator
		{728D0F8A-A86F-409D-8770-7420A52DF27C}.Release|iPhoneSimulator.Build.0 = Release|iPhoneSimulator
		{728D0F8A-A86F-409D-8770-7420A52DF27C}.Release|x64.ActiveCfg = Release|iPhone
		{728D0F8A-A86F-409D-8770-7420A52DF27C}.Release|x86.ActiveCfg = Release|iPhone
		{11E4FD33-642C-4F89-91A7-C896EF054DD7}.Ad-Hoc|Any CPU.ActiveCfg = Release|x86
		{11E4FD33-642C-4F89-91A7-C896EF054DD7}.Ad-Hoc|Any CPU.Build.0 = Release|x86
		{11E4FD33-642C-4F89-91A7-C896EF054DD7}.Ad-Hoc|Any CPU.Deploy.0 = Release|x86
		{11E4FD33-642C-4F89-91A7-C896EF054DD7}.Ad-Hoc|ARM.ActiveCfg = Release|ARM
		{11E4FD33-642C-4F89-91A7-C896EF054DD7}.Ad-Hoc|ARM.Build.0 = Release|ARM
		{11E4FD33-642C-4F89-91A7-C896EF054DD7}.Ad-Hoc|ARM.Deploy.0 = Release|ARM
		{11E4FD33-642C-4F89-91A7-C896EF054DD7}.Ad-Hoc|iPhone.ActiveCfg = Release|x86
		{11E4FD33-642C-4F89-91A7-C896EF054DD7}.Ad-Hoc|iPhone.Build.0 = Release|x86
		{11E4FD33-642C-4F89-91A7-C896EF054DD7}.Ad-Hoc|iPhone.Deploy.0 = Release|x86
		{11E4FD33-642C-4F89-91A7-C896EF054DD7}.Ad-Hoc|iPhoneSimulator.ActiveCfg = Release|x86
		{11E4FD33-642C-4F89-91A7-C896EF054DD7}.Ad-Hoc|iPhoneSimulator.Build.0 = Release|x86
		{11E4FD33-642C-4F89-91A7-C896EF054DD7}.Ad-Hoc|iPhoneSimulator.Deploy.0 = Release|x86
		{11E4FD33-642C-4F89-91A7-C896EF054DD7}.Ad-Hoc|x64.ActiveCfg = Release|x64
		{11E4FD33-642C-4F89-91A7-C896EF054DD7}.Ad-Hoc|x64.Build.0 = Release|x64
		{11E4FD33-642C-4F89-91A7-C896EF054DD7}.Ad-Hoc|x64.Deploy.0 = Release|x64
		{11E4FD33-642C-4F89-91A7-C896EF054DD7}.Ad-Hoc|x86.ActiveCfg = Release|x86
		{11E4FD33-642C-4F89-91A7-C896EF054DD7}.Ad-Hoc|x86.Build.0 = Release|x86
		{11E4FD33-642C-4F89-91A7-C896EF054DD7}.Ad-Hoc|x86.Deploy.0 = Release|x86
		{11E4FD33-642C-4F89-91A7-C896EF054DD7}.AppStore|Any CPU.ActiveCfg = Release|x86
		{11E4FD33-642C-4F89-91A7-C896EF054DD7}.AppStore|Any CPU.Build.0 = Release|x86
		{11E4FD33-642C-4F89-91A7-C896EF054DD7}.AppStore|Any CPU.Deploy.0 = Release|x86
		{11E4FD33-642C-4F89-91A7-C896EF054DD7}.AppStore|ARM.ActiveCfg = Release|ARM
		{11E4FD33-642C-4F89-91A7-C896EF054DD7}.AppStore|ARM.Build.0 = Release|ARM
		{11E4FD33-642C-4F89-91A7-C896EF054DD7}.AppStore|ARM.Deploy.0 = Release|ARM
		{11E4FD33-642C-4F89-91A7-C896EF054DD7}.AppStore|iPhone.ActiveCfg = Release|x86
		{11E4FD33-642C-4F89-91A7-C896EF054DD7}.AppStore|iPhone.Build.0 = Release|x86
		{11E4FD33-642C-4F89-91A7-C896EF054DD7}.AppStore|iPhone.Deploy.0 = Release|x86
		{11E4FD33-642C-4F89-91A7-C896EF054DD7}.AppStore|iPhoneSimulator.ActiveCfg = Release|x86
		{11E4FD33-642C-4F89-91A7-C896EF054DD7}.AppStore|iPhoneSimulator.Build.0 = Release|x86
		{11E4FD33-642C-4F89-91A7-C896EF054DD7}.AppStore|iPhoneSimulator.Deploy.0 = Release|x86
		{11E4FD33-642C-4F89-91A7-C896EF054DD7}.AppStore|x64.ActiveCfg = Release|x64
		{11E4FD33-642C-4F89-91A7-C896EF054DD7}.AppStore|x64.Build.0 = Release|x64
		{11E4FD33-642C-4F89-91A7-C896EF054DD7}.AppStore|x64.Deploy.0 = Release|x64
		{11E4FD33-642C-4F89-91A7-C896EF054DD7}.AppStore|x86.ActiveCfg = Release|x86
		{11E4FD33-642C-4F89-91A7-C896EF054DD7}.AppStore|x86.Build.0 = Release|x86
		{11E4FD33-642C-4F89-91A7-C896EF054DD7}.AppStore|x86.Deploy.0 = Release|x86
		{11E4FD33-642C-4F89-91A7-C896EF054DD7}.Debug|Any CPU.ActiveCfg = Debug|x86
		{11E4FD33-642C-4F89-91A7-C896EF054DD7}.Debug|ARM.ActiveCfg = Debug|ARM
		{11E4FD33-642C-4F89-91A7-C896EF054DD7}.Debug|ARM.Build.0 = Debug|ARM
		{11E4FD33-642C-4F89-91A7-C896EF054DD7}.Debug|ARM.Deploy.0 = Debug|ARM
		{11E4FD33-642C-4F89-91A7-C896EF054DD7}.Debug|iPhone.ActiveCfg = Debug|x86
		{11E4FD33-642C-4F89-91A7-C896EF054DD7}.Debug|iPhoneSimulator.ActiveCfg = Debug|x86
		{11E4FD33-642C-4F89-91A7-C896EF054DD7}.Debug|x64.ActiveCfg = Debug|x64
		{11E4FD33-642C-4F89-91A7-C896EF054DD7}.Debug|x64.Build.0 = Debug|x64
		{11E4FD33-642C-4F89-91A7-C896EF054DD7}.Debug|x64.Deploy.0 = Debug|x64
		{11E4FD33-642C-4F89-91A7-C896EF054DD7}.Debug|x86.ActiveCfg = Debug|x86
		{11E4FD33-642C-4F89-91A7-C896EF054DD7}.Debug|x86.Build.0 = Debug|x86
		{11E4FD33-642C-4F89-91A7-C896EF054DD7}.Debug|x86.Deploy.0 = Debug|x86
		{11E4FD33-642C-4F89-91A7-C896EF054DD7}.Release|Any CPU.ActiveCfg = Release|x86
		{11E4FD33-642C-4F89-91A7-C896EF054DD7}.Release|ARM.ActiveCfg = Release|ARM
		{11E4FD33-642C-4F89-91A7-C896EF054DD7}.Release|ARM.Build.0 = Release|ARM
		{11E4FD33-642C-4F89-91A7-C896EF054DD7}.Release|ARM.Deploy.0 = Release|ARM
		{11E4FD33-642C-4F89-91A7-C896EF054DD7}.Release|iPhone.ActiveCfg = Release|x86
		{11E4FD33-642C-4F89-91A7-C896EF054DD7}.Release|iPhoneSimulator.ActiveCfg = Release|x86
		{11E4FD33-642C-4F89-91A7-C896EF054DD7}.Release|x64.ActiveCfg = Release|x64
		{11E4FD33-642C-4F89-91A7-C896EF054DD7}.Release|x64.Build.0 = Release|x64
		{11E4FD33-642C-4F89-91A7-C896EF054DD7}.Release|x64.Deploy.0 = Release|x64
		{11E4FD33-642C-4F89-91A7-C896EF054DD7}.Release|x86.ActiveCfg = Release|x86
		{11E4FD33-642C-4F89-91A7-C896EF054DD7}.Release|x86.Build.0 = Release|x86
		{11E4FD33-642C-4F89-91A7-C896EF054DD7}.Release|x86.Deploy.0 = Release|x86
	EndGlobalSection
	GlobalSection(SolutionProperties) = preSolution
		HideSolutionNode = FALSE
	EndGlobalSection
	GlobalSection(ExtensibilityGlobals) = postSolution
		SolutionGuid = {185605F5-3834-4640-A12A-047091DCF0D3}
	EndGlobalSection
EndGlobal
